// !$*UTF8*$!
{
	archiveVersion = 1;
	classes = {
	};
	objectVersion = 50;
	objects = {

/* Begin PBXBuildFile section */
		8830DFC9255880C9006E000C /* AppDelegate.swift in Sources */ = {isa = PBXBuildFile; fileRef = 8830DFC8255880C9006E000C /* AppDelegate.swift */; };
		8830DFCB255880C9006E000C /* SceneDelegate.swift in Sources */ = {isa = PBXBuildFile; fileRef = 8830DFCA255880C9006E000C /* SceneDelegate.swift */; };
		8830DFCD255880C9006E000C /* ContentView.swift in Sources */ = {isa = PBXBuildFile; fileRef = 8830DFCC255880C9006E000C /* ContentView.swift */; };
		8830DFCF255880CA006E000C /* Assets.xcassets in Resources */ = {isa = PBXBuildFile; fileRef = 8830DFCE255880CA006E000C /* Assets.xcassets */; };
		8830DFD2255880CA006E000C /* Preview Assets.xcassets in Resources */ = {isa = PBXBuildFile; fileRef = 8830DFD1255880CA006E000C /* Preview Assets.xcassets */; };
		8830DFD5255880CB006E000C /* LaunchScreen.storyboard in Resources */ = {isa = PBXBuildFile; fileRef = 8830DFD3255880CB006E000C /* LaunchScreen.storyboard */; };
/* End PBXBuildFile section */

/* Begin PBXFileReference section */
		8830DFC5255880C9006E000C /* P01 WeSplit.app */ = {isa = PBXFileReference; explicitFileType = wrapper.application; includeInIndex = 0; path = "P01 WeSplit.app"; sourceTree = BUILT_PRODUCTS_DIR; };
		8830DFC8255880C9006E000C /* AppDelegate.swift */ = {isa = PBXFileReference; lastKnownFileType = sourcecode.swift; path = AppDelegate.swift; sourceTree = "<group>"; };
		8830DFCA255880C9006E000C /* SceneDelegate.swift */ = {isa = PBXFileReference; lastKnownFileType = sourcecode.swift; path = SceneDelegate.swift; sourceTree = "<group>"; };
		8830DFCC255880C9006E000C /* ContentView.swift */ = {isa = PBXFileReference; lastKnownFileType = sourcecode.swift; path = ContentView.swift; sourceTree = "<group>"; };
		8830DFCE255880CA006E000C /* Assets.xcassets */ = {isa = PBXFileReference; lastKnownFileType = folder.assetcatalog; path = Assets.xcassets; sourceTree = "<group>"; };
		8830DFD1255880CA006E000C /* Preview Assets.xcassets */ = {isa = PBXFileReference; lastKnownFileType = folder.assetcatalog; path = "Preview Assets.xcassets"; sourceTree = "<group>"; };
		8830DFD4255880CB006E000C /* Base */ = {isa = PBXFileReference; lastKnownFileType = file.storyboard; name = Base; path = Base.lproj/LaunchScreen.storyboard; sourceTree = "<group>"; };
		8830DFD6255880CB006E000C /* Info.plist */ = {isa = PBXFileReference; lastKnownFileType = text.plist.xml; path = Info.plist; sourceTree = "<group>"; };
/* End PBXFileReference section */

/* Begin PBXFrameworksBuildPhase section */
		8830DFC2255880C9006E000C /* Frameworks */ = {
			isa = PBXFrameworksBuildPhase;
			buildActionMask = 2147483647;
			files = (
			);
			runOnlyForDeploymentPostprocessing = 0;
		};
/* End PBXFrameworksBuildPhase section */

/* Begin PBXGroup section */
		8830DFBC255880C9006E000C = {
			isa = PBXGroup;
			children = (
				8830DFC7255880C9006E000C /* P01 WeSplit */,
				8830DFC6255880C9006E000C /* Products */,
			);
			sourceTree = "<group>";
		};
		8830DFC6255880C9006E000C /* Products */ = {
			isa = PBXGroup;
			children = (
				8830DFC5255880C9006E000C /* P01 WeSplit.app */,
			);
			name = Products;
			sourceTree = "<group>";
		};
		8830DFC7255880C9006E000C /* P01 WeSplit */ = {
			isa = PBXGroup;
			children = (
				8830DFC8255880C9006E000C /* AppDelegate.swift */,
				8830DFCA255880C9006E000C /* SceneDelegate.swift */,
				8830DFCC255880C9006E000C /* ContentView.swift */,
				8830DFCE255880CA006E000C /* Assets.xcassets */,
				8830DFD3255880CB006E000C /* LaunchScreen.storyboard */,
				8830DFD6255880CB006E000C /* Info.plist */,
				8830DFD0255880CA006E000C /* Preview Content */,
			);
			path = "P01 WeSplit";
			sourceTree = "<group>";
		};
		8830DFD0255880CA006E000C /* Preview Content */ = {
			isa = PBXGroup;
			children = (
				8830DFD1255880CA006E000C /* Preview Assets.xcassets */,
			);
			path = "Preview Content";
			sourceTree = "<group>";
		};
/* End PBXGroup section */

/* Begin PBXNativeTarget section */
		8830DFC4255880C9006E000C /* P01 WeSplit */ = {
			isa = PBXNativeTarget;
			buildConfigurationList = 8830DFD9255880CB006E000C /* Build configuration list for PBXNativeTarget "P01 WeSplit" */;
			buildPhases = (
				8830DFC1255880C9006E000C /* Sources */,
				8830DFC2255880C9006E000C /* Frameworks */,
				8830DFC3255880C9006E000C /* Resources */,
			);
			buildRules = (
			);
			dependencies = (
			);
			name = "P01 WeSplit";
			productName = "P01 WeSplit";
			productReference = 8830DFC5255880C9006E000C /* P01 WeSplit.app */;
			productType = "com.apple.product-type.application";
		};
/* End PBXNativeTarget section */

/* Begin PBXProject section */
		8830DFBD255880C9006E000C /* Project object */ = {
			isa = PBXProject;
			attributes = {
				LastSwiftUpdateCheck = 1170;
				LastUpgradeCheck = 1170;
				ORGANIZATIONNAME = "Mindwarp Consultancy Ltd";
				TargetAttributes = {
					8830DFC4255880C9006E000C = {
						CreatedOnToolsVersion = 11.7;
					};
				};
			};
			buildConfigurationList = 8830DFC0255880C9006E000C /* Build configuration list for PBXProject "P01 WeSplit" */;
			compatibilityVersion = "Xcode 9.3";
			developmentRegion = en;
			hasScannedForEncodings = 0;
			knownRegions = (
				en,
				Base,
			);
			mainGroup = 8830DFBC255880C9006E000C;
			productRefGroup = 8830DFC6255880C9006E000C /* Products */;
			projectDirPath = "";
			projectRoot = "";
			targets = (
				8830DFC4255880C9006E000C /* P01 WeSplit */,
			);
		};
/* End PBXProject section */

/* Begin PBXResourcesBuildPhase section */
		8830DFC3255880C9006E000C /* Resources */ = {
			isa = PBXResourcesBuildPhase;
			buildActionMask = 2147483647;
			files = (
				8830DFD5255880CB006E000C /* LaunchScreen.storyboard in Resources */,
				8830DFD2255880CA006E000C /* Preview Assets.xcassets in Resources */,
				8830DFCF255880CA006E000C /* Assets.xcassets in Resources */,
			);
			runOnlyForDeploymentPostprocessing = 0;
		};
/* End PBXResourcesBuildPhase section */

/* Begin PBXSourcesBuildPhase section */
		8830DFC1255880C9006E000C /* Sources */ = {
			isa = PBXSourcesBuildPhase;
			buildActionMask = 2147483647;
			files = (
				8830DFC9255880C9006E000C /* AppDelegate.swift in Sources */,
				8830DFCB255880C9006E000C /* SceneDelegate.swift in Sources */,
				8830DFCD255880C9006E000C /* ContentView.swift in Sources */,
			);
			runOnlyForDeploymentPostprocessing = 0;
		};
/* End PBXSourcesBuildPhase section */

/* Begin PBXVariantGroup section */
		8830DFD3255880CB006E000C /* LaunchScreen.storyboard */ = {
			isa = PBXVariantGroup;
			children = (
				8830DFD4255880CB006E000C /* Base */,
			);
			name = LaunchScreen.storyboard;
			sourceTree = "<group>";
		};
/* End PBXVariantGroup section */

/* Begin XCBuildConfiguration section */
		8830DFD7255880CB006E000C /* Debug */ = {
			isa = XCBuildConfiguration;
			buildSettings = {
				ALWAYS_SEARCH_USER_PATHS = NO;
				CLANG_ANALYZER_NONNULL = YES;
				CLANG_ANALYZER_NUMBER_OBJECT_CONVERSION = YES_AGGRESSIVE;
				CLANG_CXX_LANGUAGE_STANDARD = "gnu++14";
				CLANG_CXX_LIBRARY = "libc++";
				CLANG_ENABLE_MODULES = YES;
				CLANG_ENABLE_OBJC_ARC = YES;
				CLANG_ENABLE_OBJC_WEAK = YES;
				CLANG_WARN_BLOCK_CAPTURE_AUTORELEASING = YES;
				CLANG_WARN_BOOL_CONVERSION = YES;
				CLANG_WARN_COMMA = YES;
				CLANG_WARN_CONSTANT_CONVERSION = YES;
				CLANG_WARN_DEPRECATED_OBJC_IMPLEMENTATIONS = YES;
				CLANG_WARN_DIRECT_OBJC_ISA_USAGE = YES_ERROR;
				CLANG_WARN_DOCUMENTATION_COMMENTS = YES;
				CLANG_WARN_EMPTY_BODY = YES;
				CLANG_WARN_ENUM_CONVERSION = YES;
				CLANG_WARN_INFINITE_RECURSION = YES;
				CLANG_WARN_INT_CONVERSION = YES;
				CLANG_WARN_NON_LITERAL_NULL_CONVERSION = YES;
				CLANG_WARN_OBJC_IMPLICIT_RETAIN_SELF = YES;
				CLANG_WARN_OBJC_LITERAL_CONVERSION = YES;
				CLANG_WARN_OBJC_ROOT_CLASS = YES_ERROR;
				CLANG_WARN_RANGE_LOOP_ANALYSIS = YES;
				CLANG_WARN_STRICT_PROTOTYPES = YES;
				CLANG_WARN_SUSPICIOUS_MOVE = YES;
				CLANG_WARN_UNGUARDED_AVAILABILITY = YES_AGGRESSIVE;
				CLANG_WARN_UNREACHABLE_CODE = YES;
				CLANG_WARN__DUPLICATE_METHOD_MATCH = YES;
				COPY_PHASE_STRIP = NO;
				DEBUG_INFORMATION_FORMAT = dwarf;
				ENABLE_STRICT_OBJC_MSGSEND = YES;
				ENABLE_TESTABILITY = YES;
				GCC_C_LANGUAGE_STANDARD = gnu11;
				GCC_DYNAMIC_NO_PIC = NO;
				GCC_NO_COMMON_BLOCKS = YES;
				GCC_OPTIMIZATION_LEVEL = 0;
				GCC_PREPROCESSOR_DEFINITIONS = (
					"DEBUG=1",
					"$(inherited)",
				);
				GCC_WARN_64_TO_32_BIT_CONVERSION = YES;
				GCC_WARN_ABOUT_RETURN_TYPE = YES_ERROR;
				GCC_WARN_UNDECLARED_SELECTOR = YES;
				GCC_WARN_UNINITIALIZED_AUTOS = YES_AGGRESSIVE;
				GCC_WARN_UNUSED_FUNCTION = YES;
				GCC_WARN_UNUSED_VARIABLE = YES;
				IPHONEOS_DEPLOYMENT_TARGET = 13.7;
				MTL_ENABLE_DEBUG_INFO = INCLUDE_SOURCE;
				MTL_FAST_MATH = YES;
				ONLY_ACTIVE_ARCH = YES;
				SDKROOT = iphoneos;
				SWIFT_ACTIVE_COMPILATION_CONDITIONS = DEBUG;
				SWIFT_OPTIMIZATION_LEVEL = "-Onone";
			};
			name = Debug;
		};
		8830DFD8255880CB006E000C /* Release */ = {
			isa = XCBuildConfiguration;
			buildSettings = {
				ALWAYS_SEARCH_USER_PATHS = NO;
				CLANG_ANALYZER_NONNULL = YES;
				CLANG_ANALYZER_NUMBER_OBJECT_CONVERSION = YES_AGGRESSIVE;
				CLANG_CXX_LANGUAGE_STANDARD = "gnu++14";
				CLANG_CXX_LIBRARY = "libc++";
				CLANG_ENABLE_MODULES = YES;
				CLANG_ENABLE_OBJC_ARC = YES;
				CLANG_ENABLE_OBJC_WEAK = YES;
				CLANG_WARN_BLOCK_CAPTURE_AUTORELEASING = YES;
				CLANG_WARN_BOOL_CONVERSION = YES;
				CLANG_WARN_COMMA = YES;
				CLANG_WARN_CONSTANT_CONVERSION = YES;
				CLANG_WARN_DEPRECATED_OBJC_IMPLEMENTATIONS = YES;
				CLANG_WARN_DIRECT_OBJC_ISA_USAGE = YES_ERROR;
				CLANG_WARN_DOCUMENTATION_COMMENTS = YES;
				CLANG_WARN_EMPTY_BODY = YES;
				CLANG_WARN_ENUM_CONVERSION = YES;
				CLANG_WARN_INFINITE_RECURSION = YES;
				CLANG_WARN_INT_CONVERSION = YES;
				CLANG_WARN_NON_LITERAL_NULL_CONVERSION = YES;
				CLANG_WARN_OBJC_IMPLICIT_RETAIN_SELF = YES;
				CLANG_WARN_OBJC_LITERAL_CONVERSION = YES;
				CLANG_WARN_OBJC_ROOT_CLASS = YES_ERROR;
				CLANG_WARN_RANGE_LOOP_ANALYSIS = YES;
				CLANG_WARN_STRICT_PROTOTYPES = YES;
				CLANG_WARN_SUSPICIOUS_MOVE = YES;
				CLANG_WARN_UNGUARDED_AVAILABILITY = YES_AGGRESSIVE;
				CLANG_WARN_UNREACHABLE_CODE = YES;
				CLANG_WARN__DUPLICATE_METHOD_MATCH = YES;
				COPY_PHASE_STRIP = NO;
				DEBUG_INFORMATION_FORMAT = "dwarf-with-dsym";
				ENABLE_NS_ASSERTIONS = NO;
				ENABLE_STRICT_OBJC_MSGSEND = YES;
				GCC_C_LANGUAGE_STANDARD = gnu11;
				GCC_NO_COMMON_BLOCKS = YES;
				GCC_WARN_64_TO_32_BIT_CONVERSION = YES;
				GCC_WARN_ABOUT_RETURN_TYPE = YES_ERROR;
				GCC_WARN_UNDECLARED_SELECTOR = YES;
				GCC_WARN_UNINITIALIZED_AUTOS = YES_AGGRESSIVE;
				GCC_WARN_UNUSED_FUNCTION = YES;
				GCC_WARN_UNUSED_VARIABLE = YES;
				IPHONEOS_DEPLOYMENT_TARGET = 13.7;
				MTL_ENABLE_DEBUG_INFO = NO;
				MTL_FAST_MATH = YES;
				SDKROOT = iphoneos;
				SWIFT_COMPILATION_MODE = wholemodule;
				SWIFT_OPTIMIZATION_LEVEL = "-O";
				VALIDATE_PRODUCT = YES;
			};
			name = Release;
		};
		8830DFDA255880CB006E000C /* Debug */ = {
			isa = XCBuildConfiguration;
			buildSettings = {
				ASSETCATALOG_COMPILER_APPICON_NAME = AppIcon;
				CODE_SIGN_STYLE = Automatic;
				DEVELOPMENT_ASSET_PATHS = "\"P01 WeSplit/Preview Content\"";
				DEVELOPMENT_TEAM = M3R45325T7;
				ENABLE_PREVIEWS = YES;
				INFOPLIST_FILE = "P01 WeSplit/Info.plist";
				LD_RUNPATH_SEARCH_PATHS = (
					"$(inherited)",
					"@executable_path/Frameworks",
				);
				PRODUCT_BUNDLE_IDENTIFIER = "com.mclapps.P01-WeSplit";
				PRODUCT_NAME = "$(TARGET_NAME)";
				SWIFT_VERSION = 5.0;
				TARGETED_DEVICE_FAMILY = "1,2";
			};
			name = Debug;
		};
		8830DFDB255880CB006E000C /* Release */ = {
			isa = XCBuildConfiguration;
			buildSettings = {
				ASSETCATALOG_COMPILER_APPICON_NAME = AppIcon;
				CODE_SIGN_STYLE = Automatic;
				DEVELOPMENT_ASSET_PATHS = "\"P01 WeSplit/Preview Content\"";
				DEVELOPMENT_TEAM = M3R45325T7;
				ENABLE_PREVIEWS = YES;
				INFOPLIST_FILE = "P01 WeSplit/Info.plist";
				LD_RUNPATH_SEARCH_PATHS = (
					"$(inherited)",
					"@executable_path/Frameworks",
				);
				PRODUCT_BUNDLE_IDENTIFIER = "com.mclapps.P01-WeSplit";
				PRODUCT_NAME = "$(TARGET_NAME)";
				SWIFT_VERSION = 5.0;
				TARGETED_DEVICE_FAMILY = "1,2";
			};
			name = Release;
		};
/* End XCBuildConfiguration section */

/* Begin XCConfigurationList section */
		8830DFC0255880C9006E000C /* Build configuration list for PBXProject "P01 WeSplit" */ = {
			isa = XCConfigurationList;
			buildConfigurations = (
				8830DFD7255880CB006E000C /* Debug */,
				8830DFD8255880CB006E000C /* Release */,
			);
			defaultConfigurationIsVisible = 0;
			defaultConfigurationName = Release;
		};
		8830DFD9255880CB006E000C /* Build configuration list for PBXNativeTarget "P01 WeSplit" */ = {
			isa = XCConfigurationList;
			buildConfigurations = (
				8830DFDA255880CB006E000C /* Debug */,
				8830DFDB255880CB006E000C /* Release */,
			);
			defaultConfigurationIsVisible = 0;
			defaultConfigurationName = Release;
		};
/* End XCConfigurationList section */
	};
	rootObject = 8830DFBD255880C9006E000C /* Project object */;
}
