// !$*UTF8*$!
{
	archiveVersion = 1;
	classes = {
	};
	objectVersion = 50;
	objects = {

/* Begin PBXBuildFile section */
		88A01D3E255B223100D21CFD /* AppDelegate.swift in Sources */ = {isa = PBXBuildFile; fileRef = 88A01D3D255B223100D21CFD /* AppDelegate.swift */; };
		88A01D40255B223100D21CFD /* SceneDelegate.swift in Sources */ = {isa = PBXBuildFile; fileRef = 88A01D3F255B223100D21CFD /* SceneDelegate.swift */; };
		88A01D42255B223100D21CFD /* ContentView.swift in Sources */ = {isa = PBXBuildFile; fileRef = 88A01D41255B223100D21CFD /* ContentView.swift */; };
		88A01D44255B223500D21CFD /* Assets.xcassets in Resources */ = {isa = PBXBuildFile; fileRef = 88A01D43255B223500D21CFD /* Assets.xcassets */; };
		88A01D47255B223500D21CFD /* Preview Assets.xcassets in Resources */ = {isa = PBXBuildFile; fileRef = 88A01D46255B223500D21CFD /* Preview Assets.xcassets */; };
		88A01D4A255B223500D21CFD /* LaunchScreen.storyboard in Resources */ = {isa = PBXBuildFile; fileRef = 88A01D48255B223500D21CFD /* LaunchScreen.storyboard */; };
/* End PBXBuildFile section */

/* Begin PBXFileReference section */
		88A01D3A255B223100D21CFD /* X01 Unit Conversion.app */ = {isa = PBXFileReference; explicitFileType = wrapper.application; includeInIndex = 0; path = "X01 Unit Conversion.app"; sourceTree = BUILT_PRODUCTS_DIR; };
		88A01D3D255B223100D21CFD /* AppDelegate.swift */ = {isa = PBXFileReference; lastKnownFileType = sourcecode.swift; path = AppDelegate.swift; sourceTree = "<group>"; };
		88A01D3F255B223100D21CFD /* SceneDelegate.swift */ = {isa = PBXFileReference; lastKnownFileType = sourcecode.swift; path = SceneDelegate.swift; sourceTree = "<group>"; };
		88A01D41255B223100D21CFD /* ContentView.swift */ = {isa = PBXFileReference; lastKnownFileType = sourcecode.swift; path = ContentView.swift; sourceTree = "<group>"; };
		88A01D43255B223500D21CFD /* Assets.xcassets */ = {isa = PBXFileReference; lastKnownFileType = folder.assetcatalog; path = Assets.xcassets; sourceTree = "<group>"; };
		88A01D46255B223500D21CFD /* Preview Assets.xcassets */ = {isa = PBXFileReference; lastKnownFileType = folder.assetcatalog; path = "Preview Assets.xcassets"; sourceTree = "<group>"; };
		88A01D49255B223500D21CFD /* Base */ = {isa = PBXFileReference; lastKnownFileType = file.storyboard; name = Base; path = Base.lproj/LaunchScreen.storyboard; sourceTree = "<group>"; };
		88A01D4B255B223500D21CFD /* Info.plist */ = {isa = PBXFileReference; lastKnownFileType = text.plist.xml; path = Info.plist; sourceTree = "<group>"; };
/* End PBXFileReference section */

/* Begin PBXFrameworksBuildPhase section */
		88A01D37255B223100D21CFD /* Frameworks */ = {
			isa = PBXFrameworksBuildPhase;
			buildActionMask = 2147483647;
			files = (
			);
			runOnlyForDeploymentPostprocessing = 0;
		};
/* End PBXFrameworksBuildPhase section */

/* Begin PBXGroup section */
		88A01D31255B223100D21CFD = {
			isa = PBXGroup;
			children = (
				88A01D3C255B223100D21CFD /* X01 Unit Conversion */,
				88A01D3B255B223100D21CFD /* Products */,
			);
			sourceTree = "<group>";
		};
		88A01D3B255B223100D21CFD /* Products */ = {
			isa = PBXGroup;
			children = (
				88A01D3A255B223100D21CFD /* X01 Unit Conversion.app */,
			);
			name = Products;
			sourceTree = "<group>";
		};
		88A01D3C255B223100D21CFD /* X01 Unit Conversion */ = {
			isa = PBXGroup;
			children = (
				88A01D3D255B223100D21CFD /* AppDelegate.swift */,
				88A01D3F255B223100D21CFD /* SceneDelegate.swift */,
				88A01D41255B223100D21CFD /* ContentView.swift */,
				88A01D43255B223500D21CFD /* Assets.xcassets */,
				88A01D48255B223500D21CFD /* LaunchScreen.storyboard */,
				88A01D4B255B223500D21CFD /* Info.plist */,
				88A01D45255B223500D21CFD /* Preview Content */,
			);
			path = "X01 Unit Conversion";
			sourceTree = "<group>";
		};
		88A01D45255B223500D21CFD /* Preview Content */ = {
			isa = PBXGroup;
			children = (
				88A01D46255B223500D21CFD /* Preview Assets.xcassets */,
			);
			path = "Preview Content";
			sourceTree = "<group>";
		};
/* End PBXGroup section */

/* Begin PBXNativeTarget section */
		88A01D39255B223100D21CFD /* X01 Unit Conversion */ = {
			isa = PBXNativeTarget;
			buildConfigurationList = 88A01D4E255B223500D21CFD /* Build configuration list for PBXNativeTarget "X01 Unit Conversion" */;
			buildPhases = (
				88A01D36255B223100D21CFD /* Sources */,
				88A01D37255B223100D21CFD /* Frameworks */,
				88A01D38255B223100D21CFD /* Resources */,
			);
			buildRules = (
			);
			dependencies = (
			);
			name = "X01 Unit Conversion";
			productName = "X01 Unit Conversion";
			productReference = 88A01D3A255B223100D21CFD /* X01 Unit Conversion.app */;
			productType = "com.apple.product-type.application";
		};
/* End PBXNativeTarget section */

/* Begin PBXProject section */
		88A01D32255B223100D21CFD /* Project object */ = {
			isa = PBXProject;
			attributes = {
				LastSwiftUpdateCheck = 1170;
				LastUpgradeCheck = 1170;
				ORGANIZATIONNAME = "Mindwarp Consultancy Ltd";
				TargetAttributes = {
					88A01D39255B223100D21CFD = {
						CreatedOnToolsVersion = 11.7;
					};
				};
			};
			buildConfigurationList = 88A01D35255B223100D21CFD /* Build configuration list for PBXProject "X01 Unit Conversion" */;
			compatibilityVersion = "Xcode 9.3";
			developmentRegion = en;
			hasScannedForEncodings = 0;
			knownRegions = (
				en,
				Base,
			);
			mainGroup = 88A01D31255B223100D21CFD;
			productRefGroup = 88A01D3B255B223100D21CFD /* Products */;
			projectDirPath = "";
			projectRoot = "";
			targets = (
				88A01D39255B223100D21CFD /* X01 Unit Conversion */,
			);
		};
/* End PBXProject section */

/* Begin PBXResourcesBuildPhase section */
		88A01D38255B223100D21CFD /* Resources */ = {
			isa = PBXResourcesBuildPhase;
			buildActionMask = 2147483647;
			files = (
				88A01D4A255B223500D21CFD /* LaunchScreen.storyboard in Resources */,
				88A01D47255B223500D21CFD /* Preview Assets.xcassets in Resources */,
				88A01D44255B223500D21CFD /* Assets.xcassets in Resources */,
			);
			runOnlyForDeploymentPostprocessing = 0;
		};
/* End PBXResourcesBuildPhase section */

/* Begin PBXSourcesBuildPhase section */
		88A01D36255B223100D21CFD /* Sources */ = {
			isa = PBXSourcesBuildPhase;
			buildActionMask = 2147483647;
			files = (
				88A01D3E255B223100D21CFD /* AppDelegate.swift in Sources */,
				88A01D40255B223100D21CFD /* SceneDelegate.swift in Sources */,
				88A01D42255B223100D21CFD /* ContentView.swift in Sources */,
			);
			runOnlyForDeploymentPostprocessing = 0;
		};
/* End PBXSourcesBuildPhase section */

/* Begin PBXVariantGroup section */
		88A01D48255B223500D21CFD /* LaunchScreen.storyboard */ = {
			isa = PBXVariantGroup;
			children = (
				88A01D49255B223500D21CFD /* Base */,
			);
			name = LaunchScreen.storyboard;
			sourceTree = "<group>";
		};
/* End PBXVariantGroup section */

/* Begin XCBuildConfiguration section */
		88A01D4C255B223500D21CFD /* Debug */ = {
			isa = XCBuildConfiguration;
			buildSettings = {
				ALWAYS_SEARCH_USER_PATHS = NO;
				CLANG_ANALYZER_NONNULL = YES;
				CLANG_ANALYZER_NUMBER_OBJECT_CONVERSION = YES_AGGRESSIVE;
				CLANG_CXX_LANGUAGE_STANDARD = "gnu++14";
				CLANG_CXX_LIBRARY = "libc++";
				CLANG_ENABLE_MODULES = YES;
				CLANG_ENABLE_OBJC_ARC = YES;
				CLANG_ENABLE_OBJC_WEAK = YES;
				CLANG_WARN_BLOCK_CAPTURE_AUTORELEASING = YES;
				CLANG_WARN_BOOL_CONVERSION = YES;
				CLANG_WARN_COMMA = YES;
				CLANG_WARN_CONSTANT_CONVERSION = YES;
				CLANG_WARN_DEPRECATED_OBJC_IMPLEMENTATIONS = YES;
				CLANG_WARN_DIRECT_OBJC_ISA_USAGE = YES_ERROR;
				CLANG_WARN_DOCUMENTATION_COMMENTS = YES;
				CLANG_WARN_EMPTY_BODY = YES;
				CLANG_WARN_ENUM_CONVERSION = YES;
				CLANG_WARN_INFINITE_RECURSION = YES;
				CLANG_WARN_INT_CONVERSION = YES;
				CLANG_WARN_NON_LITERAL_NULL_CONVERSION = YES;
				CLANG_WARN_OBJC_IMPLICIT_RETAIN_SELF = YES;
				CLANG_WARN_OBJC_LITERAL_CONVERSION = YES;
				CLANG_WARN_OBJC_ROOT_CLASS = YES_ERROR;
				CLANG_WARN_RANGE_LOOP_ANALYSIS = YES;
				CLANG_WARN_STRICT_PROTOTYPES = YES;
				CLANG_WARN_SUSPICIOUS_MOVE = YES;
				CLANG_WARN_UNGUARDED_AVAILABILITY = YES_AGGRESSIVE;
				CLANG_WARN_UNREACHABLE_CODE = YES;
				CLANG_WARN__DUPLICATE_METHOD_MATCH = YES;
				COPY_PHASE_STRIP = NO;
				DEBUG_INFORMATION_FORMAT = dwarf;
				ENABLE_STRICT_OBJC_MSGSEND = YES;
				ENABLE_TESTABILITY = YES;
				GCC_C_LANGUAGE_STANDARD = gnu11;
				GCC_DYNAMIC_NO_PIC = NO;
				GCC_NO_COMMON_BLOCKS = YES;
				GCC_OPTIMIZATION_LEVEL = 0;
				GCC_PREPROCESSOR_DEFINITIONS = (
					"DEBUG=1",
					"$(inherited)",
				);
				GCC_WARN_64_TO_32_BIT_CONVERSION = YES;
				GCC_WARN_ABOUT_RETURN_TYPE = YES_ERROR;
				GCC_WARN_UNDECLARED_SELECTOR = YES;
				GCC_WARN_UNINITIALIZED_AUTOS = YES_AGGRESSIVE;
				GCC_WARN_UNUSED_FUNCTION = YES;
				GCC_WARN_UNUSED_VARIABLE = YES;
				IPHONEOS_DEPLOYMENT_TARGET = 13.7;
				MTL_ENABLE_DEBUG_INFO = INCLUDE_SOURCE;
				MTL_FAST_MATH = YES;
				ONLY_ACTIVE_ARCH = YES;
				SDKROOT = iphoneos;
				SWIFT_ACTIVE_COMPILATION_CONDITIONS = DEBUG;
				SWIFT_OPTIMIZATION_LEVEL = "-Onone";
			};
			name = Debug;
		};
		88A01D4D255B223500D21CFD /* Release */ = {
			isa = XCBuildConfiguration;
			buildSettings = {
				ALWAYS_SEARCH_USER_PATHS = NO;
				CLANG_ANALYZER_NONNULL = YES;
				CLANG_ANALYZER_NUMBER_OBJECT_CONVERSION = YES_AGGRESSIVE;
				CLANG_CXX_LANGUAGE_STANDARD = "gnu++14";
				CLANG_CXX_LIBRARY = "libc++";
				CLANG_ENABLE_MODULES = YES;
				CLANG_ENABLE_OBJC_ARC = YES;
				CLANG_ENABLE_OBJC_WEAK = YES;
				CLANG_WARN_BLOCK_CAPTURE_AUTORELEASING = YES;
				CLANG_WARN_BOOL_CONVERSION = YES;
				CLANG_WARN_COMMA = YES;
				CLANG_WARN_CONSTANT_CONVERSION = YES;
				CLANG_WARN_DEPRECATED_OBJC_IMPLEMENTATIONS = YES;
				CLANG_WARN_DIRECT_OBJC_ISA_USAGE = YES_ERROR;
				CLANG_WARN_DOCUMENTATION_COMMENTS = YES;
				CLANG_WARN_EMPTY_BODY = YES;
				CLANG_WARN_ENUM_CONVERSION = YES;
				CLANG_WARN_INFINITE_RECURSION = YES;
				CLANG_WARN_INT_CONVERSION = YES;
				CLANG_WARN_NON_LITERAL_NULL_CONVERSION = YES;
				CLANG_WARN_OBJC_IMPLICIT_RETAIN_SELF = YES;
				CLANG_WARN_OBJC_LITERAL_CONVERSION = YES;
				CLANG_WARN_OBJC_ROOT_CLASS = YES_ERROR;
				CLANG_WARN_RANGE_LOOP_ANALYSIS = YES;
				CLANG_WARN_STRICT_PROTOTYPES = YES;
				CLANG_WARN_SUSPICIOUS_MOVE = YES;
				CLANG_WARN_UNGUARDED_AVAILABILITY = YES_AGGRESSIVE;
				CLANG_WARN_UNREACHABLE_CODE = YES;
				CLANG_WARN__DUPLICATE_METHOD_MATCH = YES;
				COPY_PHASE_STRIP = NO;
				DEBUG_INFORMATION_FORMAT = "dwarf-with-dsym";
				ENABLE_NS_ASSERTIONS = NO;
				ENABLE_STRICT_OBJC_MSGSEND = YES;
				GCC_C_LANGUAGE_STANDARD = gnu11;
				GCC_NO_COMMON_BLOCKS = YES;
				GCC_WARN_64_TO_32_BIT_CONVERSION = YES;
				GCC_WARN_ABOUT_RETURN_TYPE = YES_ERROR;
				GCC_WARN_UNDECLARED_SELECTOR = YES;
				GCC_WARN_UNINITIALIZED_AUTOS = YES_AGGRESSIVE;
				GCC_WARN_UNUSED_FUNCTION = YES;
				GCC_WARN_UNUSED_VARIABLE = YES;
				IPHONEOS_DEPLOYMENT_TARGET = 13.7;
				MTL_ENABLE_DEBUG_INFO = NO;
				MTL_FAST_MATH = YES;
				SDKROOT = iphoneos;
				SWIFT_COMPILATION_MODE = wholemodule;
				SWIFT_OPTIMIZATION_LEVEL = "-O";
				VALIDATE_PRODUCT = YES;
			};
			name = Release;
		};
		88A01D4F255B223500D21CFD /* Debug */ = {
			isa = XCBuildConfiguration;
			buildSettings = {
				ASSETCATALOG_COMPILER_APPICON_NAME = AppIcon;
				CODE_SIGN_STYLE = Automatic;
				DEVELOPMENT_ASSET_PATHS = "\"X01 Unit Conversion/Preview Content\"";
				DEVELOPMENT_TEAM = M3R45325T7;
				ENABLE_PREVIEWS = YES;
				INFOPLIST_FILE = "X01 Unit Conversion/Info.plist";
				LD_RUNPATH_SEARCH_PATHS = (
					"$(inherited)",
					"@executable_path/Frameworks",
				);
				PRODUCT_BUNDLE_IDENTIFIER = "com.mclapps.X01-Unit-Conversion";
				PRODUCT_NAME = "$(TARGET_NAME)";
				SWIFT_VERSION = 5.0;
				TARGETED_DEVICE_FAMILY = "1,2";
			};
			name = Debug;
		};
		88A01D50255B223500D21CFD /* Release */ = {
			isa = XCBuildConfiguration;
			buildSettings = {
				ASSETCATALOG_COMPILER_APPICON_NAME = AppIcon;
				CODE_SIGN_STYLE = Automatic;
				DEVELOPMENT_ASSET_PATHS = "\"X01 Unit Conversion/Preview Content\"";
				DEVELOPMENT_TEAM = M3R45325T7;
				ENABLE_PREVIEWS = YES;
				INFOPLIST_FILE = "X01 Unit Conversion/Info.plist";
				LD_RUNPATH_SEARCH_PATHS = (
					"$(inherited)",
					"@executable_path/Frameworks",
				);
				PRODUCT_BUNDLE_IDENTIFIER = "com.mclapps.X01-Unit-Conversion";
				PRODUCT_NAME = "$(TARGET_NAME)";
				SWIFT_VERSION = 5.0;
				TARGETED_DEVICE_FAMILY = "1,2";
			};
			name = Release;
		};
/* End XCBuildConfiguration section */

/* Begin XCConfigurationList section */
		88A01D35255B223100D21CFD /* Build configuration list for PBXProject "X01 Unit Conversion" */ = {
			isa = XCConfigurationList;
			buildConfigurations = (
				88A01D4C255B223500D21CFD /* Debug */,
				88A01D4D255B223500D21CFD /* Release */,
			);
			defaultConfigurationIsVisible = 0;
			defaultConfigurationName = Release;
		};
		88A01D4E255B223500D21CFD /* Build configuration list for PBXNativeTarget "X01 Unit Conversion" */ = {
			isa = XCConfigurationList;
			buildConfigurations = (
				88A01D4F255B223500D21CFD /* Debug */,
				88A01D50255B223500D21CFD /* Release */,
			);
			defaultConfigurationIsVisible = 0;
			defaultConfigurationName = Release;
		};
/* End XCConfigurationList section */
	};
	rootObject = 88A01D32255B223100D21CFD /* Project object */;
}
