// !$*UTF8*$!
{
	archiveVersion = 1;
	classes = {
	};
	objectVersion = 50;
	objects = {

/* Begin PBXBuildFile section */
		88032CB7263BF5C000276C99 /* ImageManager.swift in Sources */ = {isa = PBXBuildFile; fileRef = 88032CB6263BF5C000276C99 /* ImageManager.swift */; };
		88C59ACD263B218D00281F0B /* ImagePicker.swift in Sources */ = {isa = PBXBuildFile; fileRef = 88C59ACC263B218D00281F0B /* ImagePicker.swift */; };
		88C59AF1263B2BCE00281F0B /* AddView.swift in Sources */ = {isa = PBXBuildFile; fileRef = 88C59AF0263B2BCE00281F0B /* AddView.swift */; };
		88C59AF4263B446100281F0B /* DetailView.swift in Sources */ = {isa = PBXBuildFile; fileRef = 88C59AF3263B446100281F0B /* DetailView.swift */; };
		88C59B01263D4C2100281F0B /* Contact+CoreDataClass.swift in Sources */ = {isa = PBXBuildFile; fileRef = 88C59AFF263D4C2100281F0B /* Contact+CoreDataClass.swift */; };
		88C59B02263D4C2100281F0B /* Contact+CoreDataProperties.swift in Sources */ = {isa = PBXBuildFile; fileRef = 88C59B00263D4C2100281F0B /* Contact+CoreDataProperties.swift */; };
		88C59B06263D691600281F0B /* PhotoView.swift in Sources */ = {isa = PBXBuildFile; fileRef = 88C59B05263D691600281F0B /* PhotoView.swift */; };
		88C59B09263D7A2500281F0B /* PersonalView.swift in Sources */ = {isa = PBXBuildFile; fileRef = 88C59B08263D7A2500281F0B /* PersonalView.swift */; };
		88C59B0C263D982200281F0B /* MapView.swift in Sources */ = {isa = PBXBuildFile; fileRef = 88C59B0B263D982200281F0B /* MapView.swift */; };
		88C59B0F263D998500281F0B /* LocationFetcher.swift in Sources */ = {isa = PBXBuildFile; fileRef = 88C59B0E263D998500281F0B /* LocationFetcher.swift */; };
		88F0C23C2638918600B907AD /* X07_MeetupApp.swift in Sources */ = {isa = PBXBuildFile; fileRef = 88F0C23B2638918600B907AD /* X07_MeetupApp.swift */; };
		88F0C23E2638918600B907AD /* ContentView.swift in Sources */ = {isa = PBXBuildFile; fileRef = 88F0C23D2638918600B907AD /* ContentView.swift */; };
		88F0C2402638918C00B907AD /* Assets.xcassets in Resources */ = {isa = PBXBuildFile; fileRef = 88F0C23F2638918C00B907AD /* Assets.xcassets */; };
		88F0C2432638918C00B907AD /* Preview Assets.xcassets in Resources */ = {isa = PBXBuildFile; fileRef = 88F0C2422638918C00B907AD /* Preview Assets.xcassets */; };
		88F0C2452638918C00B907AD /* Persistence.swift in Sources */ = {isa = PBXBuildFile; fileRef = 88F0C2442638918C00B907AD /* Persistence.swift */; };
		88F0C2482638918C00B907AD /* X07_Meetup.xcdatamodeld in Sources */ = {isa = PBXBuildFile; fileRef = 88F0C2462638918C00B907AD /* X07_Meetup.xcdatamodeld */; };
/* End PBXBuildFile section */

/* Begin PBXFileReference section */
		88032CB6263BF5C000276C99 /* ImageManager.swift */ = {isa = PBXFileReference; lastKnownFileType = sourcecode.swift; path = ImageManager.swift; sourceTree = "<group>"; };
		88C59ACC263B218D00281F0B /* ImagePicker.swift */ = {isa = PBXFileReference; lastKnownFileType = sourcecode.swift; path = ImagePicker.swift; sourceTree = "<group>"; };
		88C59AF0263B2BCE00281F0B /* AddView.swift */ = {isa = PBXFileReference; lastKnownFileType = sourcecode.swift; path = AddView.swift; sourceTree = "<group>"; };
		88C59AF3263B446100281F0B /* DetailView.swift */ = {isa = PBXFileReference; lastKnownFileType = sourcecode.swift; path = DetailView.swift; sourceTree = "<group>"; };
		88C59AFF263D4C2100281F0B /* Contact+CoreDataClass.swift */ = {isa = PBXFileReference; fileEncoding = 4; lastKnownFileType = sourcecode.swift; path = "Contact+CoreDataClass.swift"; sourceTree = "<group>"; };
		88C59B00263D4C2100281F0B /* Contact+CoreDataProperties.swift */ = {isa = PBXFileReference; fileEncoding = 4; lastKnownFileType = sourcecode.swift; path = "Contact+CoreDataProperties.swift"; sourceTree = "<group>"; };
		88C59B05263D691600281F0B /* PhotoView.swift */ = {isa = PBXFileReference; lastKnownFileType = sourcecode.swift; path = PhotoView.swift; sourceTree = "<group>"; };
		88C59B08263D7A2500281F0B /* PersonalView.swift */ = {isa = PBXFileReference; lastKnownFileType = sourcecode.swift; path = PersonalView.swift; sourceTree = "<group>"; };
		88C59B0B263D982200281F0B /* MapView.swift */ = {isa = PBXFileReference; lastKnownFileType = sourcecode.swift; path = MapView.swift; sourceTree = "<group>"; };
		88C59B0E263D998500281F0B /* LocationFetcher.swift */ = {isa = PBXFileReference; lastKnownFileType = sourcecode.swift; path = LocationFetcher.swift; sourceTree = "<group>"; };
		88F0C2382638918600B907AD /* X07 Meetup.app */ = {isa = PBXFileReference; explicitFileType = wrapper.application; includeInIndex = 0; path = "X07 Meetup.app"; sourceTree = BUILT_PRODUCTS_DIR; };
		88F0C23B2638918600B907AD /* X07_MeetupApp.swift */ = {isa = PBXFileReference; lastKnownFileType = sourcecode.swift; path = X07_MeetupApp.swift; sourceTree = "<group>"; };
		88F0C23D2638918600B907AD /* ContentView.swift */ = {isa = PBXFileReference; lastKnownFileType = sourcecode.swift; path = ContentView.swift; sourceTree = "<group>"; };
		88F0C23F2638918C00B907AD /* Assets.xcassets */ = {isa = PBXFileReference; lastKnownFileType = folder.assetcatalog; path = Assets.xcassets; sourceTree = "<group>"; };
		88F0C2422638918C00B907AD /* Preview Assets.xcassets */ = {isa = PBXFileReference; lastKnownFileType = folder.assetcatalog; path = "Preview Assets.xcassets"; sourceTree = "<group>"; };
		88F0C2442638918C00B907AD /* Persistence.swift */ = {isa = PBXFileReference; lastKnownFileType = sourcecode.swift; path = Persistence.swift; sourceTree = "<group>"; };
		88F0C2472638918C00B907AD /* X07_Meetup.xcdatamodel */ = {isa = PBXFileReference; lastKnownFileType = wrapper.xcdatamodel; path = X07_Meetup.xcdatamodel; sourceTree = "<group>"; };
		88F0C2492638918C00B907AD /* Info.plist */ = {isa = PBXFileReference; lastKnownFileType = text.plist.xml; path = Info.plist; sourceTree = "<group>"; };
/* End PBXFileReference section */

/* Begin PBXFrameworksBuildPhase section */
		88F0C2352638918600B907AD /* Frameworks */ = {
			isa = PBXFrameworksBuildPhase;
			buildActionMask = 2147483647;
			files = (
			);
			runOnlyForDeploymentPostprocessing = 0;
		};
/* End PBXFrameworksBuildPhase section */

/* Begin PBXGroup section */
		88F0C22F2638918600B907AD = {
			isa = PBXGroup;
			children = (
				88F0C23A2638918600B907AD /* X07 Meetup */,
				88F0C2392638918600B907AD /* Products */,
			);
			sourceTree = "<group>";
		};
		88F0C2392638918600B907AD /* Products */ = {
			isa = PBXGroup;
			children = (
				88F0C2382638918600B907AD /* X07 Meetup.app */,
			);
			name = Products;
			sourceTree = "<group>";
		};
		88F0C23A2638918600B907AD /* X07 Meetup */ = {
			isa = PBXGroup;
			children = (
				88C59AF0263B2BCE00281F0B /* AddView.swift */,
				88F0C23F2638918C00B907AD /* Assets.xcassets */,
				88C59AFF263D4C2100281F0B /* Contact+CoreDataClass.swift */,
				88C59B00263D4C2100281F0B /* Contact+CoreDataProperties.swift */,
				88F0C23D2638918600B907AD /* ContentView.swift */,
				88C59AF3263B446100281F0B /* DetailView.swift */,
				88032CB6263BF5C000276C99 /* ImageManager.swift */,
				88C59ACC263B218D00281F0B /* ImagePicker.swift */,
				88F0C2492638918C00B907AD /* Info.plist */,
				88C59B0B263D982200281F0B /* MapView.swift */,
				88F0C2442638918C00B907AD /* Persistence.swift */,
				88C59B08263D7A2500281F0B /* PersonalView.swift */,
				88C59B05263D691600281F0B /* PhotoView.swift */,
				88F0C2412638918C00B907AD /* Preview Content */,
				88F0C2462638918C00B907AD /* X07_Meetup.xcdatamodeld */,
				88F0C23B2638918600B907AD /* X07_MeetupApp.swift */,
				88C59B0E263D998500281F0B /* LocationFetcher.swift */,
			);
			path = "X07 Meetup";
			sourceTree = "<group>";
		};
		88F0C2412638918C00B907AD /* Preview Content */ = {
			isa = PBXGroup;
			children = (
				88F0C2422638918C00B907AD /* Preview Assets.xcassets */,
			);
			path = "Preview Content";
			sourceTree = "<group>";
		};
/* End PBXGroup section */

/* Begin PBXNativeTarget section */
		88F0C2372638918600B907AD /* X07 Meetup */ = {
			isa = PBXNativeTarget;
			buildConfigurationList = 88F0C24C2638918C00B907AD /* Build configuration list for PBXNativeTarget "X07 Meetup" */;
			buildPhases = (
				88F0C2342638918600B907AD /* Sources */,
				88F0C2352638918600B907AD /* Frameworks */,
				88F0C2362638918600B907AD /* Resources */,
			);
			buildRules = (
			);
			dependencies = (
			);
			name = "X07 Meetup";
			productName = "X07 Meetup";
			productReference = 88F0C2382638918600B907AD /* X07 Meetup.app */;
			productType = "com.apple.product-type.application";
		};
/* End PBXNativeTarget section */

/* Begin PBXProject section */
		88F0C2302638918600B907AD /* Project object */ = {
			isa = PBXProject;
			attributes = {
				LastSwiftUpdateCheck = 1240;
				LastUpgradeCheck = 1240;
				TargetAttributes = {
					88F0C2372638918600B907AD = {
						CreatedOnToolsVersion = 12.4;
					};
				};
			};
			buildConfigurationList = 88F0C2332638918600B907AD /* Build configuration list for PBXProject "X07 Meetup" */;
			compatibilityVersion = "Xcode 9.3";
			developmentRegion = en;
			hasScannedForEncodings = 0;
			knownRegions = (
				en,
				Base,
			);
			mainGroup = 88F0C22F2638918600B907AD;
			productRefGroup = 88F0C2392638918600B907AD /* Products */;
			projectDirPath = "";
			projectRoot = "";
			targets = (
				88F0C2372638918600B907AD /* X07 Meetup */,
			);
		};
/* End PBXProject section */

/* Begin PBXResourcesBuildPhase section */
		88F0C2362638918600B907AD /* Resources */ = {
			isa = PBXResourcesBuildPhase;
			buildActionMask = 2147483647;
			files = (
				88F0C2432638918C00B907AD /* Preview Assets.xcassets in Resources */,
				88F0C2402638918C00B907AD /* Assets.xcassets in Resources */,
			);
			runOnlyForDeploymentPostprocessing = 0;
		};
/* End PBXResourcesBuildPhase section */

/* Begin PBXSourcesBuildPhase section */
		88F0C2342638918600B907AD /* Sources */ = {
			isa = PBXSourcesBuildPhase;
			buildActionMask = 2147483647;
			files = (
				88C59B09263D7A2500281F0B /* PersonalView.swift in Sources */,
				88F0C2452638918C00B907AD /* Persistence.swift in Sources */,
				88F0C2482638918C00B907AD /* X07_Meetup.xcdatamodeld in Sources */,
				88C59AF1263B2BCE00281F0B /* AddView.swift in Sources */,
				88C59B0C263D982200281F0B /* MapView.swift in Sources */,
				88C59AF4263B446100281F0B /* DetailView.swift in Sources */,
				88C59B01263D4C2100281F0B /* Contact+CoreDataClass.swift in Sources */,
				88C59B06263D691600281F0B /* PhotoView.swift in Sources */,
				88C59ACD263B218D00281F0B /* ImagePicker.swift in Sources */,
				88F0C23E2638918600B907AD /* ContentView.swift in Sources */,
				88C59B0F263D998500281F0B /* LocationFetcher.swift in Sources */,
				88F0C23C2638918600B907AD /* X07_MeetupApp.swift in Sources */,
				88C59B02263D4C2100281F0B /* Contact+CoreDataProperties.swift in Sources */,
				88032CB7263BF5C000276C99 /* ImageManager.swift in Sources */,
			);
			runOnlyForDeploymentPostprocessing = 0;
		};
/* End PBXSourcesBuildPhase section */

/* Begin XCBuildConfiguration section */
		88F0C24A2638918C00B907AD /* Debug */ = {
			isa = XCBuildConfiguration;
			buildSettings = {
				ALWAYS_SEARCH_USER_PATHS = NO;
				CLANG_ANALYZER_NONNULL = YES;
				CLANG_ANALYZER_NUMBER_OBJECT_CONVERSION = YES_AGGRESSIVE;
				CLANG_CXX_LANGUAGE_STANDARD = "gnu++14";
				CLANG_CXX_LIBRARY = "libc++";
				CLANG_ENABLE_MODULES = YES;
				CLANG_ENABLE_OBJC_ARC = YES;
				CLANG_ENABLE_OBJC_WEAK = YES;
				CLANG_WARN_BLOCK_CAPTURE_AUTORELEASING = YES;
				CLANG_WARN_BOOL_CONVERSION = YES;
				CLANG_WARN_COMMA = YES;
				CLANG_WARN_CONSTANT_CONVERSION = YES;
				CLANG_WARN_DEPRECATED_OBJC_IMPLEMENTATIONS = YES;
				CLANG_WARN_DIRECT_OBJC_ISA_USAGE = YES_ERROR;
				CLANG_WARN_DOCUMENTATION_COMMENTS = YES;
				CLANG_WARN_EMPTY_BODY = YES;
				CLANG_WARN_ENUM_CONVERSION = YES;
				CLANG_WARN_INFINITE_RECURSION = YES;
				CLANG_WARN_INT_CONVERSION = YES;
				CLANG_WARN_NON_LITERAL_NULL_CONVERSION = YES;
				CLANG_WARN_OBJC_IMPLICIT_RETAIN_SELF = YES;
				CLANG_WARN_OBJC_LITERAL_CONVERSION = YES;
				CLANG_WARN_OBJC_ROOT_CLASS = YES_ERROR;
				CLANG_WARN_QUOTED_INCLUDE_IN_FRAMEWORK_HEADER = YES;
				CLANG_WARN_RANGE_LOOP_ANALYSIS = YES;
				CLANG_WARN_STRICT_PROTOTYPES = YES;
				CLANG_WARN_SUSPICIOUS_MOVE = YES;
				CLANG_WARN_UNGUARDED_AVAILABILITY = YES_AGGRESSIVE;
				CLANG_WARN_UNREACHABLE_CODE = YES;
				CLANG_WARN__DUPLICATE_METHOD_MATCH = YES;
				COPY_PHASE_STRIP = NO;
				DEBUG_INFORMATION_FORMAT = dwarf;
				ENABLE_STRICT_OBJC_MSGSEND = YES;
				ENABLE_TESTABILITY = YES;
				GCC_C_LANGUAGE_STANDARD = gnu11;
				GCC_DYNAMIC_NO_PIC = NO;
				GCC_NO_COMMON_BLOCKS = YES;
				GCC_OPTIMIZATION_LEVEL = 0;
				GCC_PREPROCESSOR_DEFINITIONS = (
					"DEBUG=1",
					"$(inherited)",
				);
				GCC_WARN_64_TO_32_BIT_CONVERSION = YES;
				GCC_WARN_ABOUT_RETURN_TYPE = YES_ERROR;
				GCC_WARN_UNDECLARED_SELECTOR = YES;
				GCC_WARN_UNINITIALIZED_AUTOS = YES_AGGRESSIVE;
				GCC_WARN_UNUSED_FUNCTION = YES;
				GCC_WARN_UNUSED_VARIABLE = YES;
				IPHONEOS_DEPLOYMENT_TARGET = 14.4;
				MTL_ENABLE_DEBUG_INFO = INCLUDE_SOURCE;
				MTL_FAST_MATH = YES;
				ONLY_ACTIVE_ARCH = YES;
				SDKROOT = iphoneos;
				SWIFT_ACTIVE_COMPILATION_CONDITIONS = DEBUG;
				SWIFT_OPTIMIZATION_LEVEL = "-Onone";
			};
			name = Debug;
		};
		88F0C24B2638918C00B907AD /* Release */ = {
			isa = XCBuildConfiguration;
			buildSettings = {
				ALWAYS_SEARCH_USER_PATHS = NO;
				CLANG_ANALYZER_NONNULL = YES;
				CLANG_ANALYZER_NUMBER_OBJECT_CONVERSION = YES_AGGRESSIVE;
				CLANG_CXX_LANGUAGE_STANDARD = "gnu++14";
				CLANG_CXX_LIBRARY = "libc++";
				CLANG_ENABLE_MODULES = YES;
				CLANG_ENABLE_OBJC_ARC = YES;
				CLANG_ENABLE_OBJC_WEAK = YES;
				CLANG_WARN_BLOCK_CAPTURE_AUTORELEASING = YES;
				CLANG_WARN_BOOL_CONVERSION = YES;
				CLANG_WARN_COMMA = YES;
				CLANG_WARN_CONSTANT_CONVERSION = YES;
				CLANG_WARN_DEPRECATED_OBJC_IMPLEMENTATIONS = YES;
				CLANG_WARN_DIRECT_OBJC_ISA_USAGE = YES_ERROR;
				CLANG_WARN_DOCUMENTATION_COMMENTS = YES;
				CLANG_WARN_EMPTY_BODY = YES;
				CLANG_WARN_ENUM_CONVERSION = YES;
				CLANG_WARN_INFINITE_RECURSION = YES;
				CLANG_WARN_INT_CONVERSION = YES;
				CLANG_WARN_NON_LITERAL_NULL_CONVERSION = YES;
				CLANG_WARN_OBJC_IMPLICIT_RETAIN_SELF = YES;
				CLANG_WARN_OBJC_LITERAL_CONVERSION = YES;
				CLANG_WARN_OBJC_ROOT_CLASS = YES_ERROR;
				CLANG_WARN_QUOTED_INCLUDE_IN_FRAMEWORK_HEADER = YES;
				CLANG_WARN_RANGE_LOOP_ANALYSIS = YES;
				CLANG_WARN_STRICT_PROTOTYPES = YES;
				CLANG_WARN_SUSPICIOUS_MOVE = YES;
				CLANG_WARN_UNGUARDED_AVAILABILITY = YES_AGGRESSIVE;
				CLANG_WARN_UNREACHABLE_CODE = YES;
				CLANG_WARN__DUPLICATE_METHOD_MATCH = YES;
				COPY_PHASE_STRIP = NO;
				DEBUG_INFORMATION_FORMAT = "dwarf-with-dsym";
				ENABLE_NS_ASSERTIONS = NO;
				ENABLE_STRICT_OBJC_MSGSEND = YES;
				GCC_C_LANGUAGE_STANDARD = gnu11;
				GCC_NO_COMMON_BLOCKS = YES;
				GCC_WARN_64_TO_32_BIT_CONVERSION = YES;
				GCC_WARN_ABOUT_RETURN_TYPE = YES_ERROR;
				GCC_WARN_UNDECLARED_SELECTOR = YES;
				GCC_WARN_UNINITIALIZED_AUTOS = YES_AGGRESSIVE;
				GCC_WARN_UNUSED_FUNCTION = YES;
				GCC_WARN_UNUSED_VARIABLE = YES;
				IPHONEOS_DEPLOYMENT_TARGET = 14.4;
				MTL_ENABLE_DEBUG_INFO = NO;
				MTL_FAST_MATH = YES;
				SDKROOT = iphoneos;
				SWIFT_COMPILATION_MODE = wholemodule;
				SWIFT_OPTIMIZATION_LEVEL = "-O";
				VALIDATE_PRODUCT = YES;
			};
			name = Release;
		};
		88F0C24D2638918C00B907AD /* Debug */ = {
			isa = XCBuildConfiguration;
			buildSettings = {
				ASSETCATALOG_COMPILER_APPICON_NAME = AppIcon;
				ASSETCATALOG_COMPILER_GLOBAL_ACCENT_COLOR_NAME = AccentColor;
				CODE_SIGN_STYLE = Automatic;
				DEVELOPMENT_ASSET_PATHS = "\"X07 Meetup/Preview Content\"";
				DEVELOPMENT_TEAM = LW3B6G4NK9;
				ENABLE_PREVIEWS = YES;
				INFOPLIST_FILE = "X07 Meetup/Info.plist";
				IPHONEOS_DEPLOYMENT_TARGET = 14.0;
				LD_RUNPATH_SEARCH_PATHS = (
					"$(inherited)",
					"@executable_path/Frameworks",
				);
				PRODUCT_BUNDLE_IDENTIFIER = "com.mclapps.X07-Meetup";
				PRODUCT_NAME = "$(TARGET_NAME)";
				SWIFT_VERSION = 5.0;
				TARGETED_DEVICE_FAMILY = "1,2";
			};
			name = Debug;
		};
		88F0C24E2638918C00B907AD /* Release */ = {
			isa = XCBuildConfiguration;
			buildSettings = {
				ASSETCATALOG_COMPILER_APPICON_NAME = AppIcon;
				ASSETCATALOG_COMPILER_GLOBAL_ACCENT_COLOR_NAME = AccentColor;
				CODE_SIGN_STYLE = Automatic;
				DEVELOPMENT_ASSET_PATHS = "\"X07 Meetup/Preview Content\"";
				DEVELOPMENT_TEAM = LW3B6G4NK9;
				ENABLE_PREVIEWS = YES;
				INFOPLIST_FILE = "X07 Meetup/Info.plist";
				IPHONEOS_DEPLOYMENT_TARGET = 14.0;
				LD_RUNPATH_SEARCH_PATHS = (
					"$(inherited)",
					"@executable_path/Frameworks",
				);
				PRODUCT_BUNDLE_IDENTIFIER = "com.mclapps.X07-Meetup";
				PRODUCT_NAME = "$(TARGET_NAME)";
				SWIFT_VERSION = 5.0;
				TARGETED_DEVICE_FAMILY = "1,2";
			};
			name = Release;
		};
/* End XCBuildConfiguration section */

/* Begin XCConfigurationList section */
		88F0C2332638918600B907AD /* Build configuration list for PBXProject "X07 Meetup" */ = {
			isa = XCConfigurationList;
			buildConfigurations = (
				88F0C24A2638918C00B907AD /* Debug */,
				88F0C24B2638918C00B907AD /* Release */,
			);
			defaultConfigurationIsVisible = 0;
			defaultConfigurationName = Release;
		};
		88F0C24C2638918C00B907AD /* Build configuration list for PBXNativeTarget "X07 Meetup" */ = {
			isa = XCConfigurationList;
			buildConfigurations = (
				88F0C24D2638918C00B907AD /* Debug */,
				88F0C24E2638918C00B907AD /* Release */,
			);
			defaultConfigurationIsVisible = 0;
			defaultConfigurationName = Release;
		};
/* End XCConfigurationList section */

/* Begin XCVersionGroup section */
		88F0C2462638918C00B907AD /* X07_Meetup.xcdatamodeld */ = {
			isa = XCVersionGroup;
			children = (
				88F0C2472638918C00B907AD /* X07_Meetup.xcdatamodel */,
			);
			currentVersion = 88F0C2472638918C00B907AD /* X07_Meetup.xcdatamodel */;
			path = X07_Meetup.xcdatamodeld;
			sourceTree = "<group>";
			versionGroupType = wrapper.xcdatamodel;
		};
/* End XCVersionGroup section */
	};
	rootObject = 88F0C2302638918600B907AD /* Project object */;
}
